{
  "name": "cloud-blazed-systems",
  "version": "1.0.0",
  "lockfileVersion": 3,
  "requires": true,
  "packages": {
    "": {
      "name": "cloud-blazed-systems",
      "version": "1.0.0",
      "license": "MIT",
      "dependencies": {
        "firebase-admin": "^11.8.0",
        "firebase-functions": "^3.18.0"
      }
    }
  }
}
